
Microsoft Visual Studio Solution File, Format Version 12.00
# Visual Studio 2013
VisualStudioVersion = 12.0.31101.0
MinimumVisualStudioVersion = 10.0.40219.1
Project("{FAE04EC0-301F-11D3-BF4B-00C04F79EFBC}") = "WebAPI", "WebAPI\WebAPI.csproj", "{2525AB14-133E-4728-8701-8B7C042B9461}"
EndProject
Project("{FAE04EC0-301F-11D3-BF4B-00C04F79EFBC}") = "WebAPI.Tests", "WebAPI.Tests\WebAPI.Tests.csproj", "{FE8D32E0-0998-449A-A7C7-C80FF8D126EA}"
EndProject
Project("{2150E333-8FDC-42A3-9474-1A3956D46DE8}") = ".nuget", ".nuget", "{AF3E614D-0A9E-4954-ABC7-A5693B089D02}"
	ProjectSection(SolutionItems) = preProject
		.nuget\packages.config = .nuget\packages.config
	EndProjectSection
EndProject
Global
	GlobalSection(SolutionConfigurationPlatforms) = preSolution
		Debug|Any CPU = Debug|Any CPU
		Release|Any CPU = Release|Any CPU
	EndGlobalSection
	GlobalSection(ProjectConfigurationPlatforms) = postSolution
		{2525AB14-133E-4728-8701-8B7C042B9461}.Debug|Any CPU.ActiveCfg = Debug|Any CPU
		{2525AB14-133E-4728-8701-8B7C042B9461}.Debug|Any CPU.Build.0 = Debug|Any CPU
		{2525AB14-133E-4728-8701-8B7C042B9461}.Release|Any CPU.ActiveCfg = Release|Any CPU
		{2525AB14-133E-4728-8701-8B7C042B9461}.Release|Any CPU.Build.0 = Release|Any CPU
		{FE8D32E0-0998-449A-A7C7-C80FF8D126EA}.Debug|Any CPU.ActiveCfg = Debug|Any CPU
		{FE8D32E0-0998-449A-A7C7-C80FF8D126EA}.Debug|Any CPU.Build.0 = Debug|Any CPU
		{FE8D32E0-0998-449A-A7C7-C80FF8D126EA}.Release|Any CPU.ActiveCfg = Release|Any CPU
		{FE8D32E0-0998-449A-A7C7-C80FF8D126EA}.Release|Any CPU.Build.0 = Release|Any CPU
	EndGlobalSection
	GlobalSection(SolutionProperties) = preSolution
		HideSolutionNode = FALSE
	EndGlobalSection
EndGlobal
